<?xml version="1.0" encoding="utf-8"?>
<Project ToolsVersion="4.0" xmlns="http://schemas.microsoft.com/developer/msbuild/2003">
  <ItemGroup>
    <Filter Include="源文件">
      <UniqueIdentifier>{4FC737F1-C7A5-4376-A066-2A32D752A2FF}</UniqueIdentifier>
      <Extensions>cpp;c;cc;cxx;c++;cppm;ixx;def;odl;idl;hpj;bat;asm;asmx</Extensions>
    </Filter>
    <Filter Include="头文件">
      <UniqueIdentifier>{93995380-89BD-4b04-88EB-625FBE52EBFB}</UniqueIdentifier>
      <Extensions>h;hh;hpp;hxx;h++;hm;inl;inc;ipp;xsd</Extensions>
    </Filter>
    <Filter Include="资源文件">
      <UniqueIdentifier>{67DA6AB6-F800-4c08-8B7A-83BB121AAD01}</UniqueIdentifier>
      <Extensions>rc;ico;cur;bmp;dlg;rc2;rct;bin;rgs;gif;jpg;jpeg;jpe;resx;tiff;tif;png;wav;mfcribbon-ms</Extensions>
    </Filter>
    <Filter Include="external">
      <UniqueIdentifier>{f5919023-5204-40ac-958f-9beaf2a23ac8}</UniqueIdentifier>
    </Filter>
    <Filter Include="external\safetyhook">
      <UniqueIdentifier>{661f5cd4-f39d-492f-ae09-aca652dc2175}</UniqueIdentifier>
    </Filter>
    <Filter Include="external\easylogging">
      <UniqueIdentifier>{c95489bc-ba46-48fc-93d6-7830b6d6df9e}</UniqueIdentifier>
    </Filter>
    <Filter Include="external\StackWalker">
      <UniqueIdentifier>{2103cf0e-8f8b-452f-b95e-8314154ba421}</UniqueIdentifier>
    </Filter>
    <Filter Include="sd">
      <UniqueIdentifier>{b2c65c2f-c3b1-425b-b9c5-f88c776cf591}</UniqueIdentifier>
    </Filter>
    <Filter Include="sd\utilities">
      <UniqueIdentifier>{8273304b-8fa0-4f04-abb9-809dcdbb740d}</UniqueIdentifier>
    </Filter>
    <Filter Include="sd\localization">
      <UniqueIdentifier>{8407c7c9-8075-48f7-b8bc-2075209ad2e0}</UniqueIdentifier>
    </Filter>
    <Filter Include="sdk">
      <UniqueIdentifier>{c2376665-990c-4f67-8238-7b8c1c142038}</UniqueIdentifier>
    </Filter>
    <Filter Include="sd\interfaces">
      <UniqueIdentifier>{ec312ad2-9993-4a3f-b1df-0716094af43f}</UniqueIdentifier>
    </Filter>
    <Filter Include="external\imgui">
      <UniqueIdentifier>{ef4156df-e996-41f9-927d-24436b899e2f}</UniqueIdentifier>
    </Filter>
  </ItemGroup>
  <ItemGroup>
    <ClCompile Include="dllmain.cpp">
      <Filter>源文件</Filter>
    </ClCompile>
    <ClCompile Include="external\safetyhook\safetyhook.cpp">
      <Filter>external\safetyhook</Filter>
    </ClCompile>
    <ClCompile Include="external\safetyhook\Zydis.c">
      <Filter>external\safetyhook</Filter>
    </ClCompile>
    <ClCompile Include="external\easylogging\easylogging++.cc">
      <Filter>external\easylogging</Filter>
    </ClCompile>
    <ClCompile Include="external\StackWalker\StackWalker.cpp">
      <Filter>external\StackWalker</Filter>
    </ClCompile>
    <ClCompile Include="sd\utilities\pointer.cpp">
      <Filter>sd\utilities</Filter>
    </ClCompile>
    <ClCompile Include="sd\utilities\memory.cpp">
      <Filter>sd\utilities</Filter>
    </ClCompile>
    <ClCompile Include="sd\utilities\math.cpp">
      <Filter>sd\utilities</Filter>
    </ClCompile>
    <ClCompile Include="OffsetManager.cpp">
      <Filter>源文件</Filter>
    </ClCompile>
    <ClCompile Include="external\imgui\imgui.cpp">
      <Filter>external\imgui</Filter>
    </ClCompile>
    <ClCompile Include="external\imgui\imgui_demo.cpp">
      <Filter>external\imgui</Filter>
    </ClCompile>
    <ClCompile Include="external\imgui\imgui_draw.cpp">
      <Filter>external\imgui</Filter>
    </ClCompile>
    <ClCompile Include="external\imgui\imgui_impl_dx11.cpp">
      <Filter>external\imgui</Filter>
    </ClCompile>
    <ClCompile Include="external\imgui\imgui_impl_win32.cpp">
      <Filter>external\imgui</Filter>
    </ClCompile>
    <ClCompile Include="external\imgui\imgui_tables.cpp">
      <Filter>external\imgui</Filter>
    </ClCompile>
    <ClCompile Include="external\imgui\imgui_widgets.cpp">
      <Filter>external\imgui</Filter>
    </ClCompile>
    <ClCompile Include="external\imgui\imgui_freetype.cpp">
      <Filter>external\imgui</Filter>
    </ClCompile>
  </ItemGroup>
  <ItemGroup>
    <ClInclude Include="external\safetyhook\safetyhook.hpp">
      <Filter>external\safetyhook</Filter>
    </ClInclude>
    <ClInclude Include="external\safetyhook\Zydis.h">
      <Filter>external\safetyhook</Filter>
    </ClInclude>
    <ClInclude Include="external\easylogging\easylogging++.h">
      <Filter>external\easylogging</Filter>
    </ClInclude>
    <ClInclude Include="gobal.h">
      <Filter>头文件</Filter>
    </ClInclude>
    <ClInclude Include="VectoredHandler.cpp">
      <Filter>源文件</Filter>
    </ClInclude>
    <ClInclude Include="VectoredHandler.h">
      <Filter>头文件</Filter>
    </ClInclude>
    <ClInclude Include="external\SD.h">
      <Filter>external</Filter>
    </ClInclude>
    <ClInclude Include="external\StackWalker\StackWalker.h">
      <Filter>external\StackWalker</Filter>
    </ClInclude>
    <ClInclude Include="sd\utilities\memory.h">
      <Filter>sd\utilities</Filter>
    </ClInclude>
    <ClInclude Include="external\xor.hpp">
      <Filter>external</Filter>
    </ClInclude>
    <ClInclude Include="sd\utilities\pointer.hpp">
      <Filter>sd\utilities</Filter>
    </ClInclude>
    <ClInclude Include="sd\utilities\crt.h">
      <Filter>sd\utilities</Filter>
    </ClInclude>
    <ClInclude Include="sd\utilities\fnv1a.h">
      <Filter>sd\utilities</Filter>
    </ClInclude>
    <ClInclude Include="sd\utilities\math.h">
      <Filter>sd\utilities</Filter>
    </ClInclude>
    <ClInclude Include="sd\utilities\pe64.h">
      <Filter>sd\utilities</Filter>
    </ClInclude>
    <ClInclude Include="sd\localization\localization.h">
      <Filter>sd\localization</Filter>
    </ClInclude>
    <ClInclude Include="OffsetManager.h">
      <Filter>头文件</Filter>
    </ClInclude>
    <ClInclude Include="sd\interfaces\interfaces.h">
      <Filter>sd\interfaces</Filter>
    </ClInclude>
    <ClInclude Include="sdk\iswapchaindx11.h">
      <Filter>sdk</Filter>
    </ClInclude>
    <ClInclude Include="valvesdk.h">
      <Filter>头文件</Filter>
    </ClInclude>
    <ClInclude Include="external\imgui\imconfig.h">
      <Filter>external\imgui</Filter>
    </ClInclude>
    <ClInclude Include="external\imgui\imgui.h">
      <Filter>external\imgui</Filter>
    </ClInclude>
    <ClInclude Include="external\imgui\imgui_impl_dx11.h">
      <Filter>external\imgui</Filter>
    </ClInclude>
    <ClInclude Include="external\imgui\imgui_impl_win32.h">
      <Filter>external\imgui</Filter>
    </ClInclude>
    <ClInclude Include="external\imgui\imgui_internal.h">
      <Filter>external\imgui</Filter>
    </ClInclude>
    <ClInclude Include="external\imgui\imstb_rectpack.h">
      <Filter>external\imgui</Filter>
    </ClInclude>
    <ClInclude Include="external\imgui\imstb_textedit.h">
      <Filter>external\imgui</Filter>
    </ClInclude>
    <ClInclude Include="external\imgui\imstb_truetype.h">
      <Filter>external\imgui</Filter>
    </ClInclude>
    <ClInclude Include="external\imgui\imgui_freetype.h">
      <Filter>external\imgui</Filter>
    </ClInclude>
  </ItemGroup>
</Project>