<?xml version="1.0" encoding="utf-8"?>
<Project ToolsVersion="4.0" xmlns="http://schemas.microsoft.com/developer/msbuild/2003">
  <ItemGroup>
    <Filter Include="源文件">
      <UniqueIdentifier>{4FC737F1-C7A5-4376-A066-2A32D752A2FF}</UniqueIdentifier>
      <Extensions>cpp;c;cc;cxx;c++;cppm;ixx;def;odl;idl;hpj;bat;asm;asmx</Extensions>
    </Filter>
    <Filter Include="头文件">
      <UniqueIdentifier>{93995380-89BD-4b04-88EB-625FBE52EBFB}</UniqueIdentifier>
      <Extensions>h;hh;hpp;hxx;h++;hm;inl;inc;ipp;xsd</Extensions>
    </Filter>
    <Filter Include="资源文件">
      <UniqueIdentifier>{67DA6AB6-F800-4c08-8B7A-83BB121AAD01}</UniqueIdentifier>
      <Extensions>rc;ico;cur;bmp;dlg;rc2;rct;bin;rgs;gif;jpg;jpeg;jpe;resx;tiff;tif;png;wav;mfcribbon-ms</Extensions>
    </Filter>
    <Filter Include="external">
      <UniqueIdentifier>{f5919023-5204-40ac-958f-9beaf2a23ac8}</UniqueIdentifier>
    </Filter>
    <Filter Include="external\safetyhook">
      <UniqueIdentifier>{661f5cd4-f39d-492f-ae09-aca652dc2175}</UniqueIdentifier>
    </Filter>
    <Filter Include="external\easylogging">
      <UniqueIdentifier>{c95489bc-ba46-48fc-93d6-7830b6d6df9e}</UniqueIdentifier>
    </Filter>
    <Filter Include="external\StackWalker">
      <UniqueIdentifier>{2103cf0e-8f8b-452f-b95e-8314154ba421}</UniqueIdentifier>
    </Filter>
    <Filter Include="sd">
      <UniqueIdentifier>{b2c65c2f-c3b1-425b-b9c5-f88c776cf591}</UniqueIdentifier>
    </Filter>
    <Filter Include="sd\utilities">
      <UniqueIdentifier>{8273304b-8fa0-4f04-abb9-809dcdbb740d}</UniqueIdentifier>
    </Filter>
    <Filter Include="sd\localization">
      <UniqueIdentifier>{8407c7c9-8075-48f7-b8bc-2075209ad2e0}</UniqueIdentifier>
    </Filter>
    <Filter Include="sdk">
      <UniqueIdentifier>{c2376665-990c-4f67-8238-7b8c1c142038}</UniqueIdentifier>
    </Filter>
    <Filter Include="sd\interfaces">
      <UniqueIdentifier>{ec312ad2-9993-4a3f-b1df-0716094af43f}</UniqueIdentifier>
    </Filter>
    <Filter Include="external\imgui">
      <UniqueIdentifier>{ef4156df-e996-41f9-927d-24436b899e2f}</UniqueIdentifier>
    </Filter>
    <Filter Include="sd\hooks">
      <UniqueIdentifier>{11a04ab5-9862-463c-aae5-9adec91f99f8}</UniqueIdentifier>
    </Filter>
    <Filter Include="sd\menu">
      <UniqueIdentifier>{861c5751-5eda-4852-b479-de9435bfdc2a}</UniqueIdentifier>
    </Filter>
    <Filter Include="external\MinHook">
      <UniqueIdentifier>{3a5a774b-efd3-460f-b695-31905b27b2bd}</UniqueIdentifier>
    </Filter>
    <Filter Include="external\MinHook\hde">
      <UniqueIdentifier>{152c9ae1-2439-4745-9a59-4dd2d797c742}</UniqueIdentifier>
    </Filter>
    <Filter Include="sdk\datatypes">
      <UniqueIdentifier>{7a10167c-0acc-4716-8706-41895569b8ec}</UniqueIdentifier>
    </Filter>
    <Filter Include="sd\menu\fonts">
      <UniqueIdentifier>{2c0402d9-845f-4dd8-b484-0f342168485e}</UniqueIdentifier>
    </Filter>
    <Filter Include="sd\menu\anim">
      <UniqueIdentifier>{94de2a40-8ca2-4281-b75f-d6597a01335b}</UniqueIdentifier>
    </Filter>
    <Filter Include="sdk\entity">
      <UniqueIdentifier>{23bfd72a-40bc-4fd2-b5d7-63e50a77cf04}</UniqueIdentifier>
    </Filter>
    <Filter Include="a2x">
      <UniqueIdentifier>{5fb26f39-3dd2-4c0a-988e-1d8e6bf7aa6c}</UniqueIdentifier>
    </Filter>
  </ItemGroup>
  <ItemGroup>
    <ClCompile Include="dllmain.cpp">
      <Filter>源文件</Filter>
    </ClCompile>
    <ClCompile Include="external\safetyhook\safetyhook.cpp">
      <Filter>external\safetyhook</Filter>
    </ClCompile>
    <ClCompile Include="external\safetyhook\Zydis.c">
      <Filter>external\safetyhook</Filter>
    </ClCompile>
    <ClCompile Include="external\easylogging\easylogging++.cc">
      <Filter>external\easylogging</Filter>
    </ClCompile>
    <ClCompile Include="external\StackWalker\StackWalker.cpp">
      <Filter>external\StackWalker</Filter>
    </ClCompile>
    <ClCompile Include="sd\utilities\pointer.cpp">
      <Filter>sd\utilities</Filter>
    </ClCompile>
    <ClCompile Include="sd\utilities\memory.cpp">
      <Filter>sd\utilities</Filter>
    </ClCompile>
    <ClCompile Include="sd\utilities\math.cpp">
      <Filter>sd\utilities</Filter>
    </ClCompile>
    <ClCompile Include="OffsetManager.cpp">
      <Filter>源文件</Filter>
    </ClCompile>
    <ClCompile Include="external\imgui\imgui.cpp">
      <Filter>external\imgui</Filter>
    </ClCompile>
    <ClCompile Include="external\imgui\imgui_demo.cpp">
      <Filter>external\imgui</Filter>
    </ClCompile>
    <ClCompile Include="external\imgui\imgui_draw.cpp">
      <Filter>external\imgui</Filter>
    </ClCompile>
    <ClCompile Include="external\imgui\imgui_impl_dx11.cpp">
      <Filter>external\imgui</Filter>
    </ClCompile>
    <ClCompile Include="external\imgui\imgui_impl_win32.cpp">
      <Filter>external\imgui</Filter>
    </ClCompile>
    <ClCompile Include="external\imgui\imgui_tables.cpp">
      <Filter>external\imgui</Filter>
    </ClCompile>
    <ClCompile Include="external\imgui\imgui_widgets.cpp">
      <Filter>external\imgui</Filter>
    </ClCompile>
    <ClCompile Include="sd\hooks\hooks.cpp">
      <Filter>sd\hooks</Filter>
    </ClCompile>
    <ClCompile Include="sd\menu\menu.cpp">
      <Filter>sd\menu</Filter>
    </ClCompile>
    <ClCompile Include="external\MinHook\buffer.c">
      <Filter>external\MinHook</Filter>
    </ClCompile>
    <ClCompile Include="external\MinHook\hook.c">
      <Filter>external\MinHook</Filter>
    </ClCompile>
    <ClCompile Include="external\MinHook\trampoline.c">
      <Filter>external\MinHook</Filter>
    </ClCompile>
    <ClCompile Include="external\MinHook\hde\hde32.c">
      <Filter>external\MinHook\hde</Filter>
    </ClCompile>
    <ClCompile Include="external\MinHook\hde\hde64.c">
      <Filter>external\MinHook\hde</Filter>
    </ClCompile>
    <ClCompile Include="external\imgui\imgui_freetype.cpp">
      <Filter>external\imgui</Filter>
    </ClCompile>
    <ClCompile Include="sd\interfaces\interfaces.cpp">
      <Filter>sd\interfaces</Filter>
    </ClCompile>
    <ClCompile Include="sdk\datatypes\keyvalues3.cpp">
      <Filter>sdk\datatypes</Filter>
    </ClCompile>
    <ClCompile Include="sdk\datatypes\matrix.cpp">
      <Filter>sdk\datatypes</Filter>
    </ClCompile>
    <ClCompile Include="sdk\datatypes\qangle.cpp">
      <Filter>sdk\datatypes</Filter>
    </ClCompile>
    <ClCompile Include="sdk\datatypes\vector.cpp">
      <Filter>sdk\datatypes</Filter>
    </ClCompile>
    <ClCompile Include="sd\menu\widget.cpp">
      <Filter>sd\menu</Filter>
    </ClCompile>
    <ClCompile Include="sd\menu\anim\AbstractAnimation.cpp">
      <Filter>sd\menu\anim</Filter>
    </ClCompile>
    <ClCompile Include="sd\menu\anim\AnimationGroup.cpp">
      <Filter>sd\menu\anim</Filter>
    </ClCompile>
    <ClCompile Include="sd\menu\anim\Easing.cpp">
      <Filter>sd\menu\anim</Filter>
    </ClCompile>
    <ClCompile Include="sd\menu\anim\EasingCurve.cpp">
      <Filter>sd\menu\anim</Filter>
    </ClCompile>
    <ClCompile Include="sd\menu\anim\ImVec2Anim.cpp">
      <Filter>sd\menu\anim</Filter>
    </ClCompile>
    <ClCompile Include="sd\menu\anim\ImVec4Anim.cpp">
      <Filter>sd\menu\anim</Filter>
    </ClCompile>
    <ClCompile Include="sd\menu\anim\ParallelAnimationGroup.cpp">
      <Filter>sd\menu\anim</Filter>
    </ClCompile>
    <ClCompile Include="sd\menu\anim\PauseAnimation.cpp">
      <Filter>sd\menu\anim</Filter>
    </ClCompile>
    <ClCompile Include="sd\menu\anim\SequentialAnimationGroup.cpp">
      <Filter>sd\menu\anim</Filter>
    </ClCompile>
    <ClCompile Include="sd\menu\anim\Utils.cpp">
      <Filter>sd\menu\anim</Filter>
    </ClCompile>
  </ItemGroup>
  <ItemGroup>
    <ClInclude Include="external\safetyhook\safetyhook.hpp">
      <Filter>external\safetyhook</Filter>
    </ClInclude>
    <ClInclude Include="external\safetyhook\Zydis.h">
      <Filter>external\safetyhook</Filter>
    </ClInclude>
    <ClInclude Include="external\easylogging\easylogging++.h">
      <Filter>external\easylogging</Filter>
    </ClInclude>
    <ClInclude Include="gobal.h">
      <Filter>头文件</Filter>
    </ClInclude>
    <ClInclude Include="external\SD.h">
      <Filter>external</Filter>
    </ClInclude>
    <ClInclude Include="external\StackWalker\StackWalker.h">
      <Filter>external\StackWalker</Filter>
    </ClInclude>
    <ClInclude Include="sd\utilities\memory.h">
      <Filter>sd\utilities</Filter>
    </ClInclude>
    <ClInclude Include="external\xor.hpp">
      <Filter>external</Filter>
    </ClInclude>
    <ClInclude Include="sd\utilities\pointer.hpp">
      <Filter>sd\utilities</Filter>
    </ClInclude>
    <ClInclude Include="sd\utilities\crt.h">
      <Filter>sd\utilities</Filter>
    </ClInclude>
    <ClInclude Include="sd\utilities\fnv1a.h">
      <Filter>sd\utilities</Filter>
    </ClInclude>
    <ClInclude Include="sd\utilities\math.h">
      <Filter>sd\utilities</Filter>
    </ClInclude>
    <ClInclude Include="sd\utilities\pe64.h">
      <Filter>sd\utilities</Filter>
    </ClInclude>
    <ClInclude Include="sd\localization\localization.h">
      <Filter>sd\localization</Filter>
    </ClInclude>
    <ClInclude Include="OffsetManager.h">
      <Filter>头文件</Filter>
    </ClInclude>
    <ClInclude Include="sd\interfaces\interfaces.h">
      <Filter>sd\interfaces</Filter>
    </ClInclude>
    <ClInclude Include="sdk\iswapchaindx11.h">
      <Filter>sdk</Filter>
    </ClInclude>
    <ClInclude Include="valvesdk.h">
      <Filter>头文件</Filter>
    </ClInclude>
    <ClInclude Include="external\imgui\imconfig.h">
      <Filter>external\imgui</Filter>
    </ClInclude>
    <ClInclude Include="external\imgui\imgui.h">
      <Filter>external\imgui</Filter>
    </ClInclude>
    <ClInclude Include="external\imgui\imgui_impl_dx11.h">
      <Filter>external\imgui</Filter>
    </ClInclude>
    <ClInclude Include="external\imgui\imgui_impl_win32.h">
      <Filter>external\imgui</Filter>
    </ClInclude>
    <ClInclude Include="external\imgui\imgui_internal.h">
      <Filter>external\imgui</Filter>
    </ClInclude>
    <ClInclude Include="external\imgui\imstb_rectpack.h">
      <Filter>external\imgui</Filter>
    </ClInclude>
    <ClInclude Include="external\imgui\imstb_textedit.h">
      <Filter>external\imgui</Filter>
    </ClInclude>
    <ClInclude Include="external\imgui\imstb_truetype.h">
      <Filter>external\imgui</Filter>
    </ClInclude>
    <ClInclude Include="sd\hooks\hooks.h">
      <Filter>sd\hooks</Filter>
    </ClInclude>
    <ClInclude Include="sd\menu\menu.h">
      <Filter>sd\menu</Filter>
    </ClInclude>
    <ClInclude Include="external\MinHook\buffer.h">
      <Filter>external\MinHook</Filter>
    </ClInclude>
    <ClInclude Include="external\MinHook\min_hook.h">
      <Filter>external\MinHook</Filter>
    </ClInclude>
    <ClInclude Include="external\MinHook\trampoline.h">
      <Filter>external\MinHook</Filter>
    </ClInclude>
    <ClInclude Include="external\MinHook\hde\hde32.h">
      <Filter>external\MinHook\hde</Filter>
    </ClInclude>
    <ClInclude Include="external\MinHook\hde\hde64.h">
      <Filter>external\MinHook\hde</Filter>
    </ClInclude>
    <ClInclude Include="external\MinHook\hde\pstdint.h">
      <Filter>external\MinHook\hde</Filter>
    </ClInclude>
    <ClInclude Include="external\MinHook\hde\table32.h">
      <Filter>external\MinHook\hde</Filter>
    </ClInclude>
    <ClInclude Include="external\MinHook\hde\table64.h">
      <Filter>external\MinHook\hde</Filter>
    </ClInclude>
    <ClInclude Include="external\imgui\imgui_freetype.h">
      <Filter>external\imgui</Filter>
    </ClInclude>
    <ClInclude Include="sdk\inputsystem.hpp">
      <Filter>sdk</Filter>
    </ClInclude>
    <ClInclude Include="sdk\ccsgoinput.h">
      <Filter>sdk</Filter>
    </ClInclude>
    <ClInclude Include="sdk\datatypes\color.h">
      <Filter>sdk\datatypes</Filter>
    </ClInclude>
    <ClInclude Include="sdk\datatypes\keyvalue3.h">
      <Filter>sdk\datatypes</Filter>
    </ClInclude>
    <ClInclude Include="sdk\datatypes\matrix.h">
      <Filter>sdk\datatypes</Filter>
    </ClInclude>
    <ClInclude Include="sdk\datatypes\qangle.h">
      <Filter>sdk\datatypes</Filter>
    </ClInclude>
    <ClInclude Include="sdk\datatypes\quaternion.h">
      <Filter>sdk\datatypes</Filter>
    </ClInclude>
    <ClInclude Include="sdk\datatypes\stronghandle.h">
      <Filter>sdk\datatypes</Filter>
    </ClInclude>
    <ClInclude Include="sdk\datatypes\transform.h">
      <Filter>sdk\datatypes</Filter>
    </ClInclude>
    <ClInclude Include="sdk\datatypes\usercmd.h">
      <Filter>sdk\datatypes</Filter>
    </ClInclude>
    <ClInclude Include="sdk\datatypes\utlbuffer.h">
      <Filter>sdk\datatypes</Filter>
    </ClInclude>
    <ClInclude Include="sdk\datatypes\utlfixedmemory.h">
      <Filter>sdk\datatypes</Filter>
    </ClInclude>
    <ClInclude Include="sdk\datatypes\utllinkedlist.h">
      <Filter>sdk\datatypes</Filter>
    </ClInclude>
    <ClInclude Include="sdk\datatypes\utlmap.h">
      <Filter>sdk\datatypes</Filter>
    </ClInclude>
    <ClInclude Include="sdk\datatypes\utlrbtree.h">
      <Filter>sdk\datatypes</Filter>
    </ClInclude>
    <ClInclude Include="sdk\datatypes\utlstring.h">
      <Filter>sdk\datatypes</Filter>
    </ClInclude>
    <ClInclude Include="sdk\datatypes\utlthash.h">
      <Filter>sdk\datatypes</Filter>
    </ClInclude>
    <ClInclude Include="sdk\datatypes\utlvector.h">
      <Filter>sdk\datatypes</Filter>
    </ClInclude>
    <ClInclude Include="sdk\datatypes\vector.h">
      <Filter>sdk\datatypes</Filter>
    </ClInclude>
    <ClInclude Include="sdk\datatypes\viewsetup.h">
      <Filter>sdk\datatypes</Filter>
    </ClInclude>
    <ClInclude Include="sd\menu\chinese.h">
      <Filter>sd\menu</Filter>
    </ClInclude>
    <ClInclude Include="sd\menu\fonts\Roboto-Bold.h">
      <Filter>sd\menu\fonts</Filter>
    </ClInclude>
    <ClInclude Include="sd\menu\widget.h">
      <Filter>sd\menu</Filter>
    </ClInclude>
    <ClInclude Include="sd\menu\config.h">
      <Filter>sd\menu</Filter>
    </ClInclude>
    <ClInclude Include="sd\menu\fonts\icon.h">
      <Filter>sd\menu\fonts</Filter>
    </ClInclude>
    <ClInclude Include="sd\menu\anim\AbstractAnimation.h">
      <Filter>sd\menu\anim</Filter>
    </ClInclude>
    <ClInclude Include="sd\menu\anim\AnimationGroup.h">
      <Filter>sd\menu\anim</Filter>
    </ClInclude>
    <ClInclude Include="sd\menu\anim\Easing.h">
      <Filter>sd\menu\anim</Filter>
    </ClInclude>
    <ClInclude Include="sd\menu\anim\EasingCurve.h">
      <Filter>sd\menu\anim</Filter>
    </ClInclude>
    <ClInclude Include="sd\menu\anim\ImVec2Anim.h">
      <Filter>sd\menu\anim</Filter>
    </ClInclude>
    <ClInclude Include="sd\menu\anim\ImVec4Anim.h">
      <Filter>sd\menu\anim</Filter>
    </ClInclude>
    <ClInclude Include="sd\menu\anim\ParallelAnimationGroup.h">
      <Filter>sd\menu\anim</Filter>
    </ClInclude>
    <ClInclude Include="sd\menu\anim\PauseAnimation.h">
      <Filter>sd\menu\anim</Filter>
    </ClInclude>
    <ClInclude Include="sd\menu\anim\SequentialAnimationGroup.h">
      <Filter>sd\menu\anim</Filter>
    </ClInclude>
    <ClInclude Include="sd\menu\anim\Utils.h">
      <Filter>sd\menu\anim</Filter>
    </ClInclude>
    <ClInclude Include="sdk\entity\CBaseHandle.h">
      <Filter>sdk\entity</Filter>
    </ClInclude>
    <ClInclude Include="sdk\ischemasystem.h">
      <Filter>sdk</Filter>
    </ClInclude>
    <ClInclude Include="sdk\imemalloc.h">
      <Filter>sdk</Filter>
    </ClInclude>
    <ClInclude Include="sdk\datatypes\utlmemory.hpp">
      <Filter>sdk\datatypes</Filter>
    </ClInclude>
    <ClInclude Include="a2x\client.dll.hpp">
      <Filter>a2x</Filter>
    </ClInclude>
    <ClInclude Include="a2x\engine2.dll.hpp">
      <Filter>a2x</Filter>
    </ClInclude>
    <ClInclude Include="a2x\interfaces.hpp">
      <Filter>a2x</Filter>
    </ClInclude>
    <ClInclude Include="a2x\offsets.hpp">
      <Filter>a2x</Filter>
    </ClInclude>
    <ClInclude Include="sdk\cgameentitysystem.h">
      <Filter>sdk</Filter>
    </ClInclude>
    <ClInclude Include="CheatData.h">
      <Filter>头文件</Filter>
    </ClInclude>
  </ItemGroup>
</Project>